lockfileVersion: '9.0'

settings:
  autoInstallPeers: true
  excludeLinksFromLockfile: false

importers:

  .:
    devDependencies:
      '@kit/eslint-config':
        specifier: workspace:*
        version: link:../../../tooling/eslint
      '@kit/prettier-config':
        specifier: workspace:*
        version: link:../../../tooling/prettier
      '@kit/supabase':
        specifier: workspace:*
        version: link:../../supabase
      '@kit/tsconfig':
        specifier: workspace:*
        version: link:../../../tooling/typescript
      '@kit/ui':
        specifier: workspace:*
        version: link:../../ui
      zod:
        specifier: ^3.25.67
        version: 3.25.67

packages:

  zod@3.25.67:
    resolution: {integrity: sha512-idA2YXwpCdqUSKRCACDE6ItZD9TZzy3OZMtpfLoh6oPR47lipysRrJfjzMqFxQ3uJuUPyUeWe1r9vLH33xO/Qw==}

snapshots:

  zod@3.25.67: {}
