lockfileVersion: '9.0'

settings:
  autoInstallPeers: true
  excludeLinksFromLockfile: false

importers:

  .:
    devDependencies:
      '@kit/cms-types':
        specifier: workspace:*
        version: link:../types
      '@kit/eslint-config':
        specifier: workspace:*
        version: link:../../../tooling/eslint
      '@kit/prettier-config':
        specifier: workspace:*
        version: link:../../../tooling/prettier
      '@kit/tsconfig':
        specifier: workspace:*
        version: link:../../../tooling/typescript
      '@kit/ui':
        specifier: workspace:*
        version: link:../../ui
      '@types/node':
        specifier: ^24.0.1
        version: 24.0.3
      '@types/react':
        specifier: 19.1.8
        version: 19.1.8
      wp-types:
        specifier: ^4.68.0
        version: 4.68.0

packages:

  '@types/node@24.0.3':
    resolution: {integrity: sha512-R4I/kzCYAdRLzfiCabn9hxWfbuHS573x+r0dJMkkzThEa7pbrcDWK+9zu3e7aBOouf+rQAciqPFMnxwr0aWgKg==}

  '@types/react@19.1.8':
    resolution: {integrity: sha512-AwAfQ2Wa5bCx9WP8nZL2uMZWod7J7/JSplxbTmBQ5ms6QpqNYm672H0Vu9ZVKVngQ+ii4R/byguVEUZQyeg44g==}

  csstype@3.1.3:
    resolution: {integrity: sha512-M1uQkMl8rQK/szD0LNhtqxIPLpimGm8sOBwU7lLnCpSbTyY3yeU1Vc7l4KT5zT4s/yOxHH5O7tIuuLOCnLADRw==}

  typescript@5.8.3:
    resolution: {integrity: sha512-p1diW6TqL9L07nNxvRMM7hMMw4c5XOo/1ibL4aAIGmSAt9slTE1Xgw5KWuof2uTOvCg9BY7ZRi+GaF+7sfgPeQ==}
    engines: {node: '>=14.17'}
    hasBin: true

  undici-types@7.8.0:
    resolution: {integrity: sha512-9UJ2xGDvQ43tYyVMpuHlsgApydB8ZKfVYTsLDhXkFL/6gfkp+U8xTGdh8pMJv1SpZna0zxG1DwsKZsreLbXBxw==}

  wp-types@4.68.0:
    resolution: {integrity: sha512-b4E861y0BzNUJSWH2i1/ArTISI87qdadEO0qBJRocJ0L95P8gaa7r4RXQHMIfBpFnQy0NToMrnN8Qb3rWP2Vjg==}

snapshots:

  '@types/node@24.0.3':
    dependencies:
      undici-types: 7.8.0

  '@types/react@19.1.8':
    dependencies:
      csstype: 3.1.3

  csstype@3.1.3: {}

  typescript@5.8.3: {}

  undici-types@7.8.0: {}

  wp-types@4.68.0:
    dependencies:
      typescript: 5.8.3
